// !$*UTF8*$!
{
	archiveVersion = 1;
	classes = {
	};
	objectVersion = 46;
	objects = {

/* Begin PBXBuildFile section */
		1CFC05051BD6F3F600F5C029 /* AppDelegate.swift in Sources */ = {isa = PBXBuildFile; fileRef = 1CFC05041BD6F3F600F5C029 /* AppDelegate.swift */; };
		1CFC05071BD6F3F600F5C029 /* ViewController.swift in Sources */ = {isa = PBXBuildFile; fileRef = 1CFC05061BD6F3F600F5C029 /* ViewController.swift */; };
		1CFC050A1BD6F3F600F5C029 /* Main.storyboard in Resources */ = {isa = PBXBuildFile; fileRef = 1CFC05081BD6F3F600F5C029 /* Main.storyboard */; };
		1CFC050C1BD6F3F600F5C029 /* Assets.xcassets in Resources */ = {isa = PBXBuildFile; fileRef = 1CFC050B1BD6F3F600F5C029 /* Assets.xcassets */; };
		1CFC050F1BD6F3F600F5C029 /* LaunchScreen.storyboard in Resources */ = {isa = PBXBuildFile; fileRef = 1CFC050D1BD6F3F600F5C029 /* LaunchScreen.storyboard */; };
		1CFC05171BD6F41400F5C029 /* MBGithubOAuth.swift in Sources */ = {isa = PBXBuildFile; fileRef = 1CFC05161BD6F41400F5C029 /* MBGithubOAuth.swift */; };
/* End PBXBuildFile section */

/* Begin PBXFileReference section */
		1CFC05011BD6F3F600F5C029 /* MBGithubOAuth.app */ = {isa = PBXFileReference; explicitFileType = wrapper.application; includeInIndex = 0; path = MBGithubOAuth.app; sourceTree = BUILT_PRODUCTS_DIR; };
		1CFC05041BD6F3F600F5C029 /* AppDelegate.swift */ = {isa = PBXFileReference; lastKnownFileType = sourcecode.swift; path = AppDelegate.swift; sourceTree = "<group>"; };
		1CFC05061BD6F3F600F5C029 /* ViewController.swift */ = {isa = PBXFileReference; lastKnownFileType = sourcecode.swift; path = ViewController.swift; sourceTree = "<group>"; };
		1CFC05091BD6F3F600F5C029 /* Base */ = {isa = PBXFileReference; lastKnownFileType = file.storyboard; name = Base; path = Base.lproj/Main.storyboard; sourceTree = "<group>"; };
		1CFC050B1BD6F3F600F5C029 /* Assets.xcassets */ = {isa = PBXFileReference; lastKnownFileType = folder.assetcatalog; path = Assets.xcassets; sourceTree = "<group>"; };
		1CFC050E1BD6F3F600F5C029 /* Base */ = {isa = PBXFileReference; lastKnownFileType = file.storyboard; name = Base; path = Base.lproj/LaunchScreen.storyboard; sourceTree = "<group>"; };
		1CFC05101BD6F3F600F5C029 /* Info.plist */ = {isa = PBXFileReference; lastKnownFileType = text.plist.xml; path = Info.plist; sourceTree = "<group>"; };
		1CFC05161BD6F41400F5C029 /* MBGithubOAuth.swift */ = {isa = PBXFileReference; fileEncoding = 4; lastKnownFileType = sourcecode.swift; path = MBGithubOAuth.swift; sourceTree = "<group>"; };
/* End PBXFileReference section */

/* Begin PBXFrameworksBuildPhase section */
		1CFC04FE1BD6F3F600F5C029 /* Frameworks */ = {
			isa = PBXFrameworksBuildPhase;
			buildActionMask = 2147483647;
			files = (
			);
			runOnlyForDeploymentPostprocessing = 0;
		};
/* End PBXFrameworksBuildPhase section */

/* Begin PBXGroup section */
		1CFC04F81BD6F3F600F5C029 = {
			isa = PBXGroup;
			children = (
				1CFC05031BD6F3F600F5C029 /* MBGithubOAuth */,
				1CFC05021BD6F3F600F5C029 /* Products */,
			);
			sourceTree = "<group>";
		};
		1CFC05021BD6F3F600F5C029 /* Products */ = {
			isa = PBXGroup;
			children = (
				1CFC05011BD6F3F600F5C029 /* MBGithubOAuth.app */,
			);
			name = Products;
			sourceTree = "<group>";
		};
		1CFC05031BD6F3F600F5C029 /* MBGithubOAuth */ = {
			isa = PBXGroup;
			children = (
				1CFC05041BD6F3F600F5C029 /* AppDelegate.swift */,
				1CFC05061BD6F3F600F5C029 /* ViewController.swift */,
				1CFC05161BD6F41400F5C029 /* MBGithubOAuth.swift */,
				1CFC05081BD6F3F600F5C029 /* Main.storyboard */,
				1CFC050B1BD6F3F600F5C029 /* Assets.xcassets */,
				1CFC050D1BD6F3F600F5C029 /* LaunchScreen.storyboard */,
				1CFC05101BD6F3F600F5C029 /* Info.plist */,
			);
			path = MBGithubOAuth;
			sourceTree = "<group>";
		};
/* End PBXGroup section */

/* Begin PBXNativeTarget section */
		1CFC05001BD6F3F600F5C029 /* MBGithubOAuth */ = {
			isa = PBXNativeTarget;
			buildConfigurationList = 1CFC05131BD6F3F600F5C029 /* Build configuration list for PBXNativeTarget "MBGithubOAuth" */;
			buildPhases = (
				1CFC04FD1BD6F3F600F5C029 /* Sources */,
				1CFC04FE1BD6F3F600F5C029 /* Frameworks */,
				1CFC04FF1BD6F3F600F5C029 /* Resources */,
			);
			buildRules = (
			);
			dependencies = (
			);
			name = MBGithubOAuth;
			productName = MBGithubOAuth;
			productReference = 1CFC05011BD6F3F600F5C029 /* MBGithubOAuth.app */;
			productType = "com.apple.product-type.application";
		};
/* End PBXNativeTarget section */

/* Begin PBXProject section */
		1CFC04F91BD6F3F600F5C029 /* Project object */ = {
			isa = PBXProject;
			attributes = {
				LastSwiftUpdateCheck = 0710;
				LastUpgradeCheck = 0710;
				ORGANIZATIONNAME = "Michael Babiy";
				TargetAttributes = {
					1CFC05001BD6F3F600F5C029 = {
						CreatedOnToolsVersion = 7.1;
						DevelopmentTeam = VV4VQB3X2M;
					};
				};
			};
			buildConfigurationList = 1CFC04FC1BD6F3F600F5C029 /* Build configuration list for PBXProject "MBGithubOAuth" */;
			compatibilityVersion = "Xcode 3.2";
			developmentRegion = English;
			hasScannedForEncodings = 0;
			knownRegions = (
				en,
				Base,
			);
			mainGroup = 1CFC04F81BD6F3F600F5C029;
			productRefGroup = 1CFC05021BD6F3F600F5C029 /* Products */;
			projectDirPath = "";
			projectRoot = "";
			targets = (
				1CFC05001BD6F3F600F5C029 /* MBGithubOAuth */,
			);
		};
/* End PBXProject section */

/* Begin PBXResourcesBuildPhase section */
		1CFC04FF1BD6F3F600F5C029 /* Resources */ = {
			isa = PBXResourcesBuildPhase;
			buildActionMask = 2147483647;
			files = (
				1CFC050F1BD6F3F600F5C029 /* LaunchScreen.storyboard in Resources */,
				1CFC050C1BD6F3F600F5C029 /* Assets.xcassets in Resources */,
				1CFC050A1BD6F3F600F5C029 /* Main.storyboard in Resources */,
			);
			runOnlyForDeploymentPostprocessing = 0;
		};
/* End PBXResourcesBuildPhase section */

/* Begin PBXSourcesBuildPhase section */
		1CFC04FD1BD6F3F600F5C029 /* Sources */ = {
			isa = PBXSourcesBuildPhase;
			buildActionMask = 2147483647;
			files = (
				1CFC05171BD6F41400F5C029 /* MBGithubOAuth.swift in Sources */,
				1CFC05071BD6F3F600F5C029 /* ViewController.swift in Sources */,
				1CFC05051BD6F3F600F5C029 /* AppDelegate.swift in Sources */,
			);
			runOnlyForDeploymentPostprocessing = 0;
		};
/* End PBXSourcesBuildPhase section */

/* Begin PBXVariantGroup section */
		1CFC05081BD6F3F600F5C029 /* Main.storyboard */ = {
			isa = PBXVariantGroup;
			children = (
				1CFC05091BD6F3F600F5C029 /* Base */,
			);
			name = Main.storyboard;
			sourceTree = "<group>";
		};
		1CFC050D1BD6F3F600F5C029 /* LaunchScreen.storyboard */ = {
			isa = PBXVariantGroup;
			children = (
				1CFC050E1BD6F3F600F5C029 /* Base */,
			);
			name = LaunchScreen.storyboard;
			sourceTree = "<group>";
		};
/* End PBXVariantGroup section */

/* Begin XCBuildConfiguration section */
		1CFC05111BD6F3F600F5C029 /* Debug */ = {
			isa = XCBuildConfiguration;
			buildSettings = {
				ALWAYS_SEARCH_USER_PATHS = NO;
				CLANG_CXX_LANGUAGE_STANDARD = "gnu++0x";
				CLANG_CXX_LIBRARY = "libc++";
				CLANG_ENABLE_MODULES = YES;
				CLANG_ENABLE_OBJC_ARC = YES;
				CLANG_WARN_BOOL_CONVERSION = YES;
				CLANG_WARN_CONSTANT_CONVERSION = YES;
				CLANG_WARN_DIRECT_OBJC_ISA_USAGE = YES_ERROR;
				CLANG_WARN_EMPTY_BODY = YES;
				CLANG_WARN_ENUM_CONVERSION = YES;
				CLANG_WARN_INT_CONVERSION = YES;
				CLANG_WARN_OBJC_ROOT_CLASS = YES_ERROR;
				CLANG_WARN_UNREACHABLE_CODE = YES;
				CLANG_WARN__DUPLICATE_METHOD_MATCH = YES;
				"CODE_SIGN_IDENTITY[sdk=iphoneos*]" = "iPhone Developer";
				COPY_PHASE_STRIP = NO;
				DEBUG_INFORMATION_FORMAT = dwarf;
				ENABLE_STRICT_OBJC_MSGSEND = YES;
				ENABLE_TESTABILITY = YES;
				GCC_C_LANGUAGE_STANDARD = gnu99;
				GCC_DYNAMIC_NO_PIC = NO;
				GCC_NO_COMMON_BLOCKS = YES;
				GCC_OPTIMIZATION_LEVEL = 0;
				GCC_PREPROCESSOR_DEFINITIONS = (
					"DEBUG=1",
					"$(inherited)",
				);
				GCC_WARN_64_TO_32_BIT_CONVERSION = YES;
				GCC_WARN_ABOUT_RETURN_TYPE = YES_ERROR;
				GCC_WARN_UNDECLARED_SELECTOR = YES;
				GCC_WARN_UNINITIALIZED_AUTOS = YES_AGGRESSIVE;
				GCC_WARN_UNUSED_FUNCTION = YES;
				GCC_WARN_UNUSED_VARIABLE = YES;
				IPHONEOS_DEPLOYMENT_TARGET = 9.1;
				MTL_ENABLE_DEBUG_INFO = YES;
				ONLY_ACTIVE_ARCH = YES;
				SDKROOT = iphoneos;
				SWIFT_OPTIMIZATION_LEVEL = "-Onone";
				TARGETED_DEVICE_FAMILY = "1,2";
			};
			name = Debug;
		};
		1CFC05121BD6F3F600F5C029 /* Release */ = {
			isa = XCBuildConfiguration;
			buildSettings = {
				ALWAYS_SEARCH_USER_PATHS = NO;
				CLANG_CXX_LANGUAGE_STANDARD = "gnu++0x";
				CLANG_CXX_LIBRARY = "libc++";
				CLANG_ENABLE_MODULES = YES;
				CLANG_ENABLE_OBJC_ARC = YES;
				CLANG_WARN_BOOL_CONVERSION = YES;
				CLANG_WARN_CONSTANT_CONVERSION = YES;
				CLANG_WARN_DIRECT_OBJC_ISA_USAGE = YES_ERROR;
				CLANG_WARN_EMPTY_BODY = YES;
				CLANG_WARN_ENUM_CONVERSION = YES;
				CLANG_WARN_INT_CONVERSION = YES;
				CLANG_WARN_OBJC_ROOT_CLASS = YES_ERROR;
				CLANG_WARN_UNREACHABLE_CODE = YES;
				CLANG_WARN__DUPLICATE_METHOD_MATCH = YES;
				"CODE_SIGN_IDENTITY[sdk=iphoneos*]" = "iPhone Developer";
				COPY_PHASE_STRIP = NO;
				DEBUG_INFORMATION_FORMAT = "dwarf-with-dsym";
				ENABLE_NS_ASSERTIONS = NO;
				ENABLE_STRICT_OBJC_MSGSEND = YES;
				GCC_C_LANGUAGE_STANDARD = gnu99;
				GCC_NO_COMMON_BLOCKS = YES;
				GCC_WARN_64_TO_32_BIT_CONVERSION = YES;
				GCC_WARN_ABOUT_RETURN_TYPE = YES_ERROR;
				GCC_WARN_UNDECLARED_SELECTOR = YES;
				GCC_WARN_UNINITIALIZED_AUTOS = YES_AGGRESSIVE;
				GCC_WARN_UNUSED_FUNCTION = YES;
				GCC_WARN_UNUSED_VARIABLE = YES;
				IPHONEOS_DEPLOYMENT_TARGET = 9.1;
				MTL_ENABLE_DEBUG_INFO = NO;
				SDKROOT = iphoneos;
				TARGETED_DEVICE_FAMILY = "1,2";
				VALIDATE_PRODUCT = YES;
			};
			name = Release;
		};
		1CFC05141BD6F3F600F5C029 /* Debug */ = {
			isa = XCBuildConfiguration;
			buildSettings = {
				ASSETCATALOG_COMPILER_APPICON_NAME = AppIcon;
				CODE_SIGN_IDENTITY = "iPhone Developer";
				"CODE_SIGN_IDENTITY[sdk=iphoneos*]" = "iPhone Developer";
				INFOPLIST_FILE = MBGithubOAuth/Info.plist;
				IPHONEOS_DEPLOYMENT_TARGET = 9.0;
				LD_RUNPATH_SEARCH_PATHS = "$(inherited) @executable_path/Frameworks";
				PRODUCT_BUNDLE_IDENTIFIER = com.michaelbabiy.MBGithubOAuth;
				PRODUCT_NAME = "$(TARGET_NAME)";
				PROVISIONING_PROFILE = "";
			};
			name = Debug;
		};
		1CFC05151BD6F3F600F5C029 /* Release */ = {
			isa = XCBuildConfiguration;
			buildSettings = {
				ASSETCATALOG_COMPILER_APPICON_NAME = AppIcon;
				CODE_SIGN_IDENTITY = "iPhone Developer";
				"CODE_SIGN_IDENTITY[sdk=iphoneos*]" = "iPhone Developer";
				INFOPLIST_FILE = MBGithubOAuth/Info.plist;
				IPHONEOS_DEPLOYMENT_TARGET = 9.0;
				LD_RUNPATH_SEARCH_PATHS = "$(inherited) @executable_path/Frameworks";
				PRODUCT_BUNDLE_IDENTIFIER = com.michaelbabiy.MBGithubOAuth;
				PRODUCT_NAME = "$(TARGET_NAME)";
				PROVISIONING_PROFILE = "";
			};
			name = Release;
		};
/* End XCBuildConfiguration section */

/* Begin XCConfigurationList section */
		1CFC04FC1BD6F3F600F5C029 /* Build configuration list for PBXProject "MBGithubOAuth" */ = {
			isa = XCConfigurationList;
			buildConfigurations = (
				1CFC05111BD6F3F600F5C029 /* Debug */,
				1CFC05121BD6F3F600F5C029 /* Release */,
			);
			defaultConfigurationIsVisible = 0;
			defaultConfigurationName = Release;
		};
		1CFC05131BD6F3F600F5C029 /* Build configuration list for PBXNativeTarget "MBGithubOAuth" */ = {
			isa = XCConfigurationList;
			buildConfigurations = (
				1CFC05141BD6F3F600F5C029 /* Debug */,
				1CFC05151BD6F3F600F5C029 /* Release */,
			);
			defaultConfigurationIsVisible = 0;
			defaultConfigurationName = Release;
		};
/* End XCConfigurationList section */
	};
	rootObject = 1CFC04F91BD6F3F600F5C029 /* Project object */;
}
